// !$*UTF8*$!
{
	archiveVersion = 1;
	classes = {
	};
	objectVersion = 46;
	objects = {

/* Begin PBXBuildFile section */
		400119FA1BC9C9250042F132 /* Board.cpp in Sources */ = {isa = PBXBuildFile; fileRef = 400119F21BC9C9250042F132 /* Board.cpp */; settings = {ASSET_TAGS = (); }; };
		400119FC1BC9C9250042F132 /* Queue.cpp in Sources */ = {isa = PBXBuildFile; fileRef = 400119F61BC9C9250042F132 /* Queue.cpp */; settings = {ASSET_TAGS = (); }; };
		400119FD1BC9C9250042F132 /* SliderProject.cpp in Sources */ = {isa = PBXBuildFile; fileRef = 400119F91BC9C9250042F132 /* SliderProject.cpp */; settings = {ASSET_TAGS = (); }; };
		4055173A1BCC9F59009C5905 /* GameState.cpp in Sources */ = {isa = PBXBuildFile; fileRef = 405517381BCC9F59009C5905 /* GameState.cpp */; settings = {ASSET_TAGS = (); }; };
		4055173D1BCCA272009C5905 /* SliderGame.cpp in Sources */ = {isa = PBXBuildFile; fileRef = 4055173B1BCCA272009C5905 /* SliderGame.cpp */; settings = {ASSET_TAGS = (); }; };
/* End PBXBuildFile section */

/* Begin PBXCopyFilesBuildPhase section */
		400119E51BC9C7640042F132 /* CopyFiles */ = {
			isa = PBXCopyFilesBuildPhase;
			buildActionMask = 2147483647;
			dstPath = /usr/share/man/man1/;
			dstSubfolderSpec = 0;
			files = (
			);
			runOnlyForDeploymentPostprocessing = 1;
		};
/* End PBXCopyFilesBuildPhase section */

/* Begin PBXFileReference section */
		400119E71BC9C7640042F132 /* Assignment 3 AVLTREE */ = {isa = PBXFileReference; explicitFileType = "compiled.mach-o.executable"; includeInIndex = 0; path = "Assignment 3 AVLTREE"; sourceTree = BUILT_PRODUCTS_DIR; };
		400119F11BC9C8B50042F132 /* avlTree.h */ = {isa = PBXFileReference; fileEncoding = 4; lastKnownFileType = sourcecode.c.h; path = avlTree.h; sourceTree = "<group>"; };
		400119F21BC9C9250042F132 /* Board.cpp */ = {isa = PBXFileReference; fileEncoding = 4; lastKnownFileType = sourcecode.cpp.cpp; path = Board.cpp; sourceTree = "<group>"; };
		400119F31BC9C9250042F132 /* Board.h */ = {isa = PBXFileReference; fileEncoding = 4; lastKnownFileType = sourcecode.c.h; path = Board.h; sourceTree = "<group>"; };
		400119F51BC9C9250042F132 /* BruteForceSolve.h */ = {isa = PBXFileReference; fileEncoding = 4; lastKnownFileType = sourcecode.c.h; path = BruteForceSolve.h; sourceTree = "<group>"; };
		400119F61BC9C9250042F132 /* Queue.cpp */ = {isa = PBXFileReference; fileEncoding = 4; lastKnownFileType = sourcecode.cpp.cpp; path = Queue.cpp; sourceTree = "<group>"; };
		400119F71BC9C9250042F132 /* Queue.h */ = {isa = PBXFileReference; fileEncoding = 4; lastKnownFileType = sourcecode.c.h; path = Queue.h; sourceTree = "<group>"; };
		400119F91BC9C9250042F132 /* SliderProject.cpp */ = {isa = PBXFileReference; fileEncoding = 4; lastKnownFileType = sourcecode.cpp.cpp; path = SliderProject.cpp; sourceTree = "<group>"; };
		405517381BCC9F59009C5905 /* GameState.cpp */ = {isa = PBXFileReference; fileEncoding = 4; lastKnownFileType = sourcecode.cpp.cpp; path = GameState.cpp; sourceTree = "<group>"; };
		405517391BCC9F59009C5905 /* GameState.h */ = {isa = PBXFileReference; fileEncoding = 4; lastKnownFileType = sourcecode.c.h; path = GameState.h; sourceTree = "<group>"; };
		4055173B1BCCA272009C5905 /* SliderGame.cpp */ = {isa = PBXFileReference; fileEncoding = 4; lastKnownFileType = sourcecode.cpp.cpp; path = SliderGame.cpp; sourceTree = "<group>"; };
		4055173C1BCCA272009C5905 /* SliderGame.h */ = {isa = PBXFileReference; fileEncoding = 4; lastKnownFileType = sourcecode.c.h; path = SliderGame.h; sourceTree = "<group>"; };
		405517401BCCC851009C5905 /* aStarSolve.h */ = {isa = PBXFileReference; fileEncoding = 4; lastKnownFileType = sourcecode.c.h; path = aStarSolve.h; sourceTree = "<group>"; };
/* End PBXFileReference section */

/* Begin PBXFrameworksBuildPhase section */
		400119E41BC9C7640042F132 /* Frameworks */ = {
			isa = PBXFrameworksBuildPhase;
			buildActionMask = 2147483647;
			files = (
			);
			runOnlyForDeploymentPostprocessing = 0;
		};
/* End PBXFrameworksBuildPhase section */

/* Begin PBXGroup section */
		400119DE1BC9C7640042F132 = {
			isa = PBXGroup;
			children = (
				400119E91BC9C7640042F132 /* Assignment 3 AVLTREE */,
				400119E81BC9C7640042F132 /* Products */,
			);
			sourceTree = "<group>";
		};
		400119E81BC9C7640042F132 /* Products */ = {
			isa = PBXGroup;
			children = (
				400119E71BC9C7640042F132 /* Assignment 3 AVLTREE */,
			);
			name = Products;
			sourceTree = "<group>";
		};
		400119E91BC9C7640042F132 /* Assignment 3 AVLTREE */ = {
			isa = PBXGroup;
			children = (
				400119F11BC9C8B50042F132 /* avlTree.h */,
				400119F21BC9C9250042F132 /* Board.cpp */,
				400119F31BC9C9250042F132 /* Board.h */,
				400119F51BC9C9250042F132 /* BruteForceSolve.h */,
				4055173B1BCCA272009C5905 /* SliderGame.cpp */,
				4055173C1BCCA272009C5905 /* SliderGame.h */,
				400119F61BC9C9250042F132 /* Queue.cpp */,
				400119F71BC9C9250042F132 /* Queue.h */,
				405517381BCC9F59009C5905 /* GameState.cpp */,
				405517391BCC9F59009C5905 /* GameState.h */,
				405517401BCCC851009C5905 /* aStarSolve.h */,
				400119F91BC9C9250042F132 /* SliderProject.cpp */,
			);
			path = "Assignment 3 AVLTREE";
			sourceTree = "<group>";
		};
/* End PBXGroup section */

/* Begin PBXNativeTarget section */
		400119E61BC9C7640042F132 /* Assignment 3 AVLTREE */ = {
			isa = PBXNativeTarget;
			buildConfigurationList = 400119EE1BC9C7640042F132 /* Build configuration list for PBXNativeTarget "Assignment 3 AVLTREE" */;
			buildPhases = (
				400119E31BC9C7640042F132 /* Sources */,
				400119E41BC9C7640042F132 /* Frameworks */,
				400119E51BC9C7640042F132 /* CopyFiles */,
			);
			buildRules = (
			);
			dependencies = (
			);
			name = "Assignment 3 AVLTREE";
			productName = "Assignment 3 AVLTREE";
			productReference = 400119E71BC9C7640042F132 /* Assignment 3 AVLTREE */;
			productType = "com.apple.product-type.tool";
		};
/* End PBXNativeTarget section */

/* Begin PBXProject section */
		400119DF1BC9C7640042F132 /* Project object */ = {
			isa = PBXProject;
			attributes = {
				LastUpgradeCheck = 0700;
				ORGANIZATIONNAME = "Camron Blake Martinez";
				TargetAttributes = {
					400119E61BC9C7640042F132 = {
						CreatedOnToolsVersion = 7.0.1;
					};
				};
			};
			buildConfigurationList = 400119E21BC9C7640042F132 /* Build configuration list for PBXProject "Assignment 3 AVLTREE" */;
			compatibilityVersion = "Xcode 3.2";
			developmentRegion = English;
			hasScannedForEncodings = 0;
			knownRegions = (
				en,
			);
			mainGroup = 400119DE1BC9C7640042F132;
			productRefGroup = 400119E81BC9C7640042F132 /* Products */;
			projectDirPath = "";
			projectRoot = "";
			targets = (
				400119E61BC9C7640042F132 /* Assignment 3 AVLTREE */,
			);
		};
/* End PBXProject section */

/* Begin PBXSourcesBuildPhase section */
		400119E31BC9C7640042F132 /* Sources */ = {
			isa = PBXSourcesBuildPhase;
			buildActionMask = 2147483647;
			files = (
				400119FA1BC9C9250042F132 /* Board.cpp in Sources */,
				4055173A1BCC9F59009C5905 /* GameState.cpp in Sources */,
				400119FD1BC9C9250042F132 /* SliderProject.cpp in Sources */,
				4055173D1BCCA272009C5905 /* SliderGame.cpp in Sources */,
				400119FC1BC9C9250042F132 /* Queue.cpp in Sources */,
			);
			runOnlyForDeploymentPostprocessing = 0;
		};
/* End PBXSourcesBuildPhase section */

/* Begin XCBuildConfiguration section */
		400119EC1BC9C7640042F132 /* Debug */ = {
			isa = XCBuildConfiguration;
			buildSettings = {
				ALWAYS_SEARCH_USER_PATHS = NO;
				CLANG_CXX_LANGUAGE_STANDARD = "gnu++0x";
				CLANG_CXX_LIBRARY = "libc++";
				CLANG_ENABLE_MODULES = YES;
				CLANG_ENABLE_OBJC_ARC = YES;
				CLANG_WARN_BOOL_CONVERSION = YES;
				CLANG_WARN_CONSTANT_CONVERSION = YES;
				CLANG_WARN_DIRECT_OBJC_ISA_USAGE = YES_ERROR;
				CLANG_WARN_EMPTY_BODY = YES;
				CLANG_WARN_ENUM_CONVERSION = YES;
				CLANG_WARN_INT_CONVERSION = YES;
				CLANG_WARN_OBJC_ROOT_CLASS = YES_ERROR;
				CLANG_WARN_UNREACHABLE_CODE = YES;
				CLANG_WARN__DUPLICATE_METHOD_MATCH = YES;
				COPY_PHASE_STRIP = NO;
				DEBUG_INFORMATION_FORMAT = dwarf;
				ENABLE_STRICT_OBJC_MSGSEND = YES;
				ENABLE_TESTABILITY = YES;
				GCC_C_LANGUAGE_STANDARD = gnu99;
				GCC_DYNAMIC_NO_PIC = NO;
				GCC_NO_COMMON_BLOCKS = YES;
				GCC_OPTIMIZATION_LEVEL = 0;
				GCC_PREPROCESSOR_DEFINITIONS = (
					"DEBUG=1",
					"$(inherited)",
				);
				GCC_WARN_64_TO_32_BIT_CONVERSION = YES;
				GCC_WARN_ABOUT_RETURN_TYPE = YES_ERROR;
				GCC_WARN_UNDECLARED_SELECTOR = YES;
				GCC_WARN_UNINITIALIZED_AUTOS = YES_AGGRESSIVE;
				GCC_WARN_UNUSED_FUNCTION = YES;
				GCC_WARN_UNUSED_VARIABLE = YES;
				MACOSX_DEPLOYMENT_TARGET = 10.11;
				MTL_ENABLE_DEBUG_INFO = YES;
				ONLY_ACTIVE_ARCH = YES;
				SDKROOT = macosx;
			};
			name = Debug;
		};
		400119ED1BC9C7640042F132 /* Release */ = {
			isa = XCBuildConfiguration;
			buildSettings = {
				ALWAYS_SEARCH_USER_PATHS = NO;
				CLANG_CXX_LANGUAGE_STANDARD = "gnu++0x";
				CLANG_CXX_LIBRARY = "libc++";
				CLANG_ENABLE_MODULES = YES;
				CLANG_ENABLE_OBJC_ARC = YES;
				CLANG_WARN_BOOL_CONVERSION = YES;
				CLANG_WARN_CONSTANT_CONVERSION = YES;
				CLANG_WARN_DIRECT_OBJC_ISA_USAGE = YES_ERROR;
				CLANG_WARN_EMPTY_BODY = YES;
				CLANG_WARN_ENUM_CONVERSION = YES;
				CLANG_WARN_INT_CONVERSION = YES;
				CLANG_WARN_OBJC_ROOT_CLASS = YES_ERROR;
				CLANG_WARN_UNREACHABLE_CODE = YES;
				CLANG_WARN__DUPLICATE_METHOD_MATCH = YES;
				COPY_PHASE_STRIP = NO;
				DEBUG_INFORMATION_FORMAT = "dwarf-with-dsym";
				ENABLE_NS_ASSERTIONS = NO;
				ENABLE_STRICT_OBJC_MSGSEND = YES;
				GCC_C_LANGUAGE_STANDARD = gnu99;
				GCC_NO_COMMON_BLOCKS = YES;
				GCC_WARN_64_TO_32_BIT_CONVERSION = YES;
				GCC_WARN_ABOUT_RETURN_TYPE = YES_ERROR;
				GCC_WARN_UNDECLARED_SELECTOR = YES;
				GCC_WARN_UNINITIALIZED_AUTOS = YES_AGGRESSIVE;
				GCC_WARN_UNUSED_FUNCTION = YES;
				GCC_WARN_UNUSED_VARIABLE = YES;
				MACOSX_DEPLOYMENT_TARGET = 10.11;
				MTL_ENABLE_DEBUG_INFO = NO;
				SDKROOT = macosx;
			};
			name = Release;
		};
		400119EF1BC9C7640042F132 /* Debug */ = {
			isa = XCBuildConfiguration;
			buildSettings = {
				PRODUCT_NAME = "$(TARGET_NAME)";
			};
			name = Debug;
		};
		400119F01BC9C7640042F132 /* Release */ = {
			isa = XCBuildConfiguration;
			buildSettings = {
				PRODUCT_NAME = "$(TARGET_NAME)";
			};
			name = Release;
		};
/* End XCBuildConfiguration section */

/* Begin XCConfigurationList section */
		400119E21BC9C7640042F132 /* Build configuration list for PBXProject "Assignment 3 AVLTREE" */ = {
			isa = XCConfigurationList;
			buildConfigurations = (
				400119EC1BC9C7640042F132 /* Debug */,
				400119ED1BC9C7640042F132 /* Release */,
			);
			defaultConfigurationIsVisible = 0;
			defaultConfigurationName = Release;
		};
		400119EE1BC9C7640042F132 /* Build configuration list for PBXNativeTarget "Assignment 3 AVLTREE" */ = {
			isa = XCConfigurationList;
			buildConfigurations = (
				400119EF1BC9C7640042F132 /* Debug */,
				400119F01BC9C7640042F132 /* Release */,
			);
			defaultConfigurationIsVisible = 0;
			defaultConfigurationName = Release;
		};
/* End XCConfigurationList section */
	};
	rootObject = 400119DF1BC9C7640042F132 /* Project object */;
}
